Microsoft Visual Studio Solution File, Format Version 12.00
# Visual Studio Version 17
VisualStudioVersion = 17.5.2.0
MinimumVisualStudioVersion = 10.0.40219.1
Project("{FAE04EC0-301F-11D3-BF4B-00C04F79EFBC}") = "GestionEntrenamientos", "GestionEntrenamientos.csproj", "{4FA793C2-98E7-529C-97DA-09AFB3BBF7BB}"
EndProject
Global
	GlobalSection(SolutionConfigurationPlatforms) = preSolution
		Debug|Any CPU = Debug|Any CPU
		Release|Any CPU = Release|Any CPU
	EndGlobalSection
	GlobalSection(ProjectConfigurationPlatforms) = postSolution
		{4FA793C2-98E7-529C-97DA-09AFB3BBF7BB}.Debug|Any CPU.ActiveCfg = Debug|Any CPU
		{4FA793C2-98E7-529C-97DA-09AFB3BBF7BB}.Debug|Any CPU.Build.0 = Debug|Any CPU
		{4FA793C2-98E7-529C-97DA-09AFB3BBF7BB}.Release|Any CPU.ActiveCfg = Release|Any CPU
		{4FA793C2-98E7-529C-97DA-09AFB3BBF7BB}.Release|Any CPU.Build.0 = Release|Any CPU
	EndGlobalSection
	GlobalSection(SolutionProperties) = preSolution
		HideSolutionNode = FALSE
	EndGlobalSection
	GlobalSection(ExtensibilityGlobals) = postSolution
		SolutionGuid = {FA0F31BF-E118-471C-8BDF-EB7299E33D0D}
	EndGlobalSection
EndGlobal
